{
  "name": "locustjs-forms",
  "version": "1.0.5",
  "lockfileVersion": 1,
  "requires": true,
  "dependencies": {
    "locustjs-base": {
      "version": "1.0.7",
      "resolved": "https://registry.npmjs.org/locustjs-base/-/locustjs-base-1.0.7.tgz",
      "integrity": "sha512-YV55hnO30nSVQmwYme+g2XYTU0h6VAHkfUgWiUjllfJ8I7hg27vsUwaE7guZqd+sgtGU3Wh1eS+Y99kbAkLphA=="
    },
    "locustjs-extensions-array": {
      "version": "1.0.11",
      "resolved": "https://registry.npmjs.org/locustjs-extensions-array/-/locustjs-extensions-array-1.0.11.tgz",
      "integrity": "sha512-bCYVsvYnxbs7PVNM0WUuQbCMw4mZ9AK83pcnr/lplbHekRCQnXSzdLa1bXd/zrFbGF19ajNJP8YAubX8zAiEHg==",
      "requires": {
        "locustjs-base": "^1.0.7",
        "locustjs-extensions-object": "^1.0.8",
        "locustjs-extensions-options": "^1.0.5"
      }
    },
    "locustjs-extensions-object": {
      "version": "1.0.13",
      "resolved": "https://registry.npmjs.org/locustjs-extensions-object/-/locustjs-extensions-object-1.0.13.tgz",
      "integrity": "sha512-6cxerIs3pOSMHz16HbMBYDV3iHS3Go2VrkKuKgNHY1CsZd6b6513hekFdF3OyBNguDkH674eVrDmIe+7KMbevw==",
      "requires": {
        "locustjs-base": "^1.0.5",
        "locustjs-extensions-options": "^1.0.5"
      }
    },
    "locustjs-extensions-options": {
      "version": "1.0.5",
      "resolved": "https://registry.npmjs.org/locustjs-extensions-options/-/locustjs-extensions-options-1.0.5.tgz",
      "integrity": "sha512-mLd2omq/7wFKUVjd8BmwpTkePd+7nuNOdo3cYMKxiNBtnFpbPHREg/2CHAj6BC+/x+68gS04sPig/itAdLFj9Q==",
      "requires": {
        "locustjs-base": "^1.0.4"
      }
    }
  }
}
